# This file is autogenerated, do not edit; changes may be undone by the next 'dep ensure'.


[[projects]]
  name = "github.com/BurntSushi/toml"
  packages = ["."]
  revision = "b26d9c308763d68093482582cea63d69be07a0f0"
  version = "v0.3.0"

[[projects]]
  branch = "master"
  name = "github.com/davecgh/go-spew"
  packages = ["spew"]
  revision = "3fdaf5cea8d23107b993d363e98992fa529dd713"

[[projects]]
  name = "github.com/gorilla/context"
  packages = ["."]
  revision = "215affda49addc4c8ef7e2534915df2c8c35c6cd"

[[projects]]
  name = "github.com/gorilla/handlers"
  packages = ["."]
  revision = "60c7bfde3e33c201519a200a4507a158cc03a17b"

[[projects]]
  branch = "master"
  name = "github.com/gorilla/mux"
  packages = ["."]
  revision = "ac112f7d75a0714af1bd86ab17749b31f7809640"

[[projects]]
  name = "github.com/hsluv/hsluv-go"
  packages = ["."]
  revision = "a29f6990a3be79fefb4470f2a0b9a4d076949577"
  version = "v2.0.0"

[[projects]]
  name = "github.com/natefinch/pie"
  packages = ["."]
  revision = "83bfd1821ee0ba96a47d98cbed424313fb60f57a"

[[projects]]
  branch = "master"
  name = "github.com/omniscale/go-mapnik"
  packages = ["."]
  revision = "710dfcc5e486e5760d0a5c46be909d91968e1ffb"

[[projects]]
  branch = "master"
  name = "github.com/pmezard/go-difflib"
  packages = ["difflib"]
  revision = "792786c7400a136282c1664665ae0a8db921c6c2"

[[projects]]
  name = "github.com/stretchr/testify"
  packages = ["assert"]
  revision = "69483b4bd14f5845b5a1e55bca19e954e827f1d0"
  version = "v1.1.4"

[[projects]]
  branch = "master"
  name = "golang.org/x/net"
  packages = ["websocket"]
  revision = "ab5485076ff3407ad2d02db054635913f017b0ed"

[[projects]]
  name = "gopkg.in/fsnotify.v1"
  packages = ["."]
  revision = "96c060f6a6b7e0d6f75fddd10efeaca3e5d1bcb0"
  version = "v1.2.0"

[[projects]]
  name = "gopkg.in/yaml.v2"
  packages = ["."]
  revision = "7ad95dd0798a40da1ccdff6dff35fd177b5edf40"

[solve-meta]
  analyzer-name = "dep"
  analyzer-version = 1
  inputs-digest = "f2ba4589704fa5d6de5dfd773fa921ae9405f179901f8110fcb9f28da53db414"
  solver-name = "gps-cdcl"
  solver-version = 1
