# This file is autogenerated, do not edit; changes may be undone by the next 'dep ensure'.


[[projects]]
  name = "github.com/BurntSushi/toml"
  packages = ["."]
  revision = "b26d9c308763d68093482582cea63d69be07a0f0"
  version = "v0.3.0"

[[projects]]
  branch = "master"
  name = "github.com/davecgh/go-spew"
  packages = ["spew"]
  revision = "3fdaf5cea8d23107b993d363e98992fa529dd713"

[[projects]]
  name = "github.com/gorilla/context"
  packages = ["."]
  revision = "215affda49addc4c8ef7e2534915df2c8c35c6cd"

[[projects]]
  name = "github.com/gorilla/handlers"
  packages = ["."]
  revision = "a4043c62cc2329bacda331d33fc908ab11ef0ec3"
  version = "v1.2.1"

[[projects]]
  name = "github.com/gorilla/mux"
  packages = ["."]
  revision = "bcd8bc72b08df0f70df986b97f95590779502d31"
  version = "v1.4.0"

[[projects]]
  name = "github.com/hsluv/hsluv-go"
  packages = ["."]
  revision = "a29f6990a3be79fefb4470f2a0b9a4d076949577"
  version = "v2.0.0"

[[projects]]
  name = "github.com/natefinch/pie"
  packages = ["."]
  revision = "9a0d7201400759b777f38c0c2d7b0be4e3e8b5c9"
  version = "v1.0"

[[projects]]
  name = "github.com/omniscale/go-mapnik"
  packages = ["."]
  revision = "bfeb8e0a7546e9c096dc986d95b0285af74ccaed"
  version = "v1.0.0"

[[projects]]
  branch = "master"
  name = "github.com/pmezard/go-difflib"
  packages = ["difflib"]
  revision = "792786c7400a136282c1664665ae0a8db921c6c2"

[[projects]]
  name = "github.com/stretchr/testify"
  packages = ["assert"]
  revision = "69483b4bd14f5845b5a1e55bca19e954e827f1d0"
  version = "v1.1.4"

[[projects]]
  branch = "release-branch.go1.8"
  name = "golang.org/x/net"
  packages = ["websocket"]
  revision = "186fd3fc8194a5e9980a82230d69c1ff7134229f"

[[projects]]
  branch = "master"
  name = "golang.org/x/sys"
  packages = ["unix"]
  revision = "2d6f6f883a06fc0d5f4b14a81e4c28705ea64c15"

[[projects]]
  name = "gopkg.in/fsnotify.v1"
  packages = ["."]
  revision = "629574ca2a5df945712d3079857300b5e4da0236"
  version = "v1.4.2"

[[projects]]
  branch = "v2"
  name = "gopkg.in/yaml.v2"
  packages = ["."]
  revision = "25c4ec802a7d637f88d584ab26798e94ad14c13b"

[solve-meta]
  analyzer-name = "dep"
  analyzer-version = 1
  inputs-digest = "6becb66681a3ac0fe7767ac7848cb46d7cb55580fe6a525f66049575664b722b"
  solver-name = "gps-cdcl"
  solver-version = 1
